// !$*UTF8*$!
{
	archiveVersion = 1;
	classes = {
	};
	objectVersion = 48;
	objects = {

/* Begin PBXBuildFile section */
		0A23214ED7DC335B1C471A9B /* Pods_HardwareUITests.framework in Frameworks */ = {isa = PBXBuildFile; fileRef = 2AD4905D12FCF9CC263DD9BD /* Pods_HardwareUITests.framework */; };
		7D7592AE1F8BD0EA0043C543 /* AppDelegate.swift in Sources */ = {isa = PBXBuildFile; fileRef = 7D7592AD1F8BD0EA0043C543 /* AppDelegate.swift */; };
		7D7592B01F8BD0EA0043C543 /* ViewController.swift in Sources */ = {isa = PBXBuildFile; fileRef = 7D7592AF1F8BD0EA0043C543 /* ViewController.swift */; };
		7D7592B31F8BD0EA0043C543 /* Main.storyboard in Resources */ = {isa = PBXBuildFile; fileRef = 7D7592B11F8BD0EA0043C543 /* Main.storyboard */; };
		7D7592B51F8BD0EA0043C543 /* Assets.xcassets in Resources */ = {isa = PBXBuildFile; fileRef = 7D7592B41F8BD0EA0043C543 /* Assets.xcassets */; };
		7D7592B81F8BD0EA0043C543 /* LaunchScreen.storyboard in Resources */ = {isa = PBXBuildFile; fileRef = 7D7592B61F8BD0EA0043C543 /* LaunchScreen.storyboard */; };
		7D7592C31F8BD0EA0043C543 /* HardwareTests.swift in Sources */ = {isa = PBXBuildFile; fileRef = 7D7592C21F8BD0EA0043C543 /* HardwareTests.swift */; };
		7D7592CE1F8BD0EA0043C543 /* HardwareUITests.swift in Sources */ = {isa = PBXBuildFile; fileRef = 7D7592CD1F8BD0EA0043C543 /* HardwareUITests.swift */; };
		DE371B6DAC9DB1BF9A438136 /* Pods_Hardware.framework in Frameworks */ = {isa = PBXBuildFile; fileRef = 74BAC965031153264F86E8AF /* Pods_Hardware.framework */; };
		F2966DEC46EB753077984617 /* Pods_HardwareTests.framework in Frameworks */ = {isa = PBXBuildFile; fileRef = C4D5989B5113096AC86ED953 /* Pods_HardwareTests.framework */; };
/* End PBXBuildFile section */

/* Begin PBXContainerItemProxy section */
		7D7592BF1F8BD0EA0043C543 /* PBXContainerItemProxy */ = {
			isa = PBXContainerItemProxy;
			containerPortal = 7D7592A21F8BD0E90043C543 /* Project object */;
			proxyType = 1;
			remoteGlobalIDString = 7D7592A91F8BD0EA0043C543;
			remoteInfo = Hardware;
		};
		7D7592CA1F8BD0EA0043C543 /* PBXContainerItemProxy */ = {
			isa = PBXContainerItemProxy;
			containerPortal = 7D7592A21F8BD0E90043C543 /* Project object */;
			proxyType = 1;
			remoteGlobalIDString = 7D7592A91F8BD0EA0043C543;
			remoteInfo = Hardware;
		};
/* End PBXContainerItemProxy section */

/* Begin PBXFileReference section */
		10D51338B7E93EF2715F23C5 /* Pods-HardwareTests.release.xcconfig */ = {isa = PBXFileReference; includeInIndex = 1; lastKnownFileType = text.xcconfig; name = "Pods-HardwareTests.release.xcconfig"; path = "Pods/Target Support Files/Pods-HardwareTests/Pods-HardwareTests.release.xcconfig"; sourceTree = "<group>"; };
		16AD3D2E468F9BC4B7CD0D6E /* Pods-HardwareUITests.release.xcconfig */ = {isa = PBXFileReference; includeInIndex = 1; lastKnownFileType = text.xcconfig; name = "Pods-HardwareUITests.release.xcconfig"; path = "Pods/Target Support Files/Pods-HardwareUITests/Pods-HardwareUITests.release.xcconfig"; sourceTree = "<group>"; };
		2AD4905D12FCF9CC263DD9BD /* Pods_HardwareUITests.framework */ = {isa = PBXFileReference; explicitFileType = wrapper.framework; includeInIndex = 0; path = Pods_HardwareUITests.framework; sourceTree = BUILT_PRODUCTS_DIR; };
		5334E73B009AD429C2F29CFB /* Pods-HardwareTests.debug.xcconfig */ = {isa = PBXFileReference; includeInIndex = 1; lastKnownFileType = text.xcconfig; name = "Pods-HardwareTests.debug.xcconfig"; path = "Pods/Target Support Files/Pods-HardwareTests/Pods-HardwareTests.debug.xcconfig"; sourceTree = "<group>"; };
		74BAC965031153264F86E8AF /* Pods_Hardware.framework */ = {isa = PBXFileReference; explicitFileType = wrapper.framework; includeInIndex = 0; path = Pods_Hardware.framework; sourceTree = BUILT_PRODUCTS_DIR; };
		75687FADA52D20D102FE0D43 /* Pods-HardwareUITests.debug.xcconfig */ = {isa = PBXFileReference; includeInIndex = 1; lastKnownFileType = text.xcconfig; name = "Pods-HardwareUITests.debug.xcconfig"; path = "Pods/Target Support Files/Pods-HardwareUITests/Pods-HardwareUITests.debug.xcconfig"; sourceTree = "<group>"; };
		7D7592AA1F8BD0EA0043C543 /* Hardware.app */ = {isa = PBXFileReference; explicitFileType = wrapper.application; includeInIndex = 0; path = Hardware.app; sourceTree = BUILT_PRODUCTS_DIR; };
		7D7592AD1F8BD0EA0043C543 /* AppDelegate.swift */ = {isa = PBXFileReference; lastKnownFileType = sourcecode.swift; path = AppDelegate.swift; sourceTree = "<group>"; };
		7D7592AF1F8BD0EA0043C543 /* ViewController.swift */ = {isa = PBXFileReference; lastKnownFileType = sourcecode.swift; path = ViewController.swift; sourceTree = "<group>"; };
		7D7592B21F8BD0EA0043C543 /* Base */ = {isa = PBXFileReference; lastKnownFileType = file.storyboard; name = Base; path = Base.lproj/Main.storyboard; sourceTree = "<group>"; };
		7D7592B41F8BD0EA0043C543 /* Assets.xcassets */ = {isa = PBXFileReference; lastKnownFileType = folder.assetcatalog; path = Assets.xcassets; sourceTree = "<group>"; };
		7D7592B71F8BD0EA0043C543 /* Base */ = {isa = PBXFileReference; lastKnownFileType = file.storyboard; name = Base; path = Base.lproj/LaunchScreen.storyboard; sourceTree = "<group>"; };
		7D7592B91F8BD0EA0043C543 /* Info.plist */ = {isa = PBXFileReference; lastKnownFileType = text.plist.xml; path = Info.plist; sourceTree = "<group>"; };
		7D7592BE1F8BD0EA0043C543 /* HardwareTests.xctest */ = {isa = PBXFileReference; explicitFileType = wrapper.cfbundle; includeInIndex = 0; path = HardwareTests.xctest; sourceTree = BUILT_PRODUCTS_DIR; };
		7D7592C21F8BD0EA0043C543 /* HardwareTests.swift */ = {isa = PBXFileReference; lastKnownFileType = sourcecode.swift; path = HardwareTests.swift; sourceTree = "<group>"; };
		7D7592C41F8BD0EA0043C543 /* Info.plist */ = {isa = PBXFileReference; lastKnownFileType = text.plist.xml; path = Info.plist; sourceTree = "<group>"; };
		7D7592C91F8BD0EA0043C543 /* HardwareUITests.xctest */ = {isa = PBXFileReference; explicitFileType = wrapper.cfbundle; includeInIndex = 0; path = HardwareUITests.xctest; sourceTree = BUILT_PRODUCTS_DIR; };
		7D7592CD1F8BD0EA0043C543 /* HardwareUITests.swift */ = {isa = PBXFileReference; lastKnownFileType = sourcecode.swift; path = HardwareUITests.swift; sourceTree = "<group>"; };
		7D7592CF1F8BD0EA0043C543 /* Info.plist */ = {isa = PBXFileReference; lastKnownFileType = text.plist.xml; path = Info.plist; sourceTree = "<group>"; };
		C4D5989B5113096AC86ED953 /* Pods_HardwareTests.framework */ = {isa = PBXFileReference; explicitFileType = wrapper.framework; includeInIndex = 0; path = Pods_HardwareTests.framework; sourceTree = BUILT_PRODUCTS_DIR; };
		D6C194D94763F628970EFBCF /* Pods-Hardware.debug.xcconfig */ = {isa = PBXFileReference; includeInIndex = 1; lastKnownFileType = text.xcconfig; name = "Pods-Hardware.debug.xcconfig"; path = "Pods/Target Support Files/Pods-Hardware/Pods-Hardware.debug.xcconfig"; sourceTree = "<group>"; };
		F7A5B081ADB38F255AB3285D /* Pods-Hardware.release.xcconfig */ = {isa = PBXFileReference; includeInIndex = 1; lastKnownFileType = text.xcconfig; name = "Pods-Hardware.release.xcconfig"; path = "Pods/Target Support Files/Pods-Hardware/Pods-Hardware.release.xcconfig"; sourceTree = "<group>"; };
/* End PBXFileReference section */

/* Begin PBXFrameworksBuildPhase section */
		7D7592A71F8BD0EA0043C543 /* Frameworks */ = {
			isa = PBXFrameworksBuildPhase;
			buildActionMask = 2147483647;
			files = (
				DE371B6DAC9DB1BF9A438136 /* Pods_Hardware.framework in Frameworks */,
			);
			runOnlyForDeploymentPostprocessing = 0;
		};
		7D7592BB1F8BD0EA0043C543 /* Frameworks */ = {
			isa = PBXFrameworksBuildPhase;
			buildActionMask = 2147483647;
			files = (
				F2966DEC46EB753077984617 /* Pods_HardwareTests.framework in Frameworks */,
			);
			runOnlyForDeploymentPostprocessing = 0;
		};
		7D7592C61F8BD0EA0043C543 /* Frameworks */ = {
			isa = PBXFrameworksBuildPhase;
			buildActionMask = 2147483647;
			files = (
				0A23214ED7DC335B1C471A9B /* Pods_HardwareUITests.framework in Frameworks */,
			);
			runOnlyForDeploymentPostprocessing = 0;
		};
/* End PBXFrameworksBuildPhase section */

/* Begin PBXGroup section */
		2BF19333D2FC04AA9960479C /* Frameworks */ = {
			isa = PBXGroup;
			children = (
				74BAC965031153264F86E8AF /* Pods_Hardware.framework */,
				C4D5989B5113096AC86ED953 /* Pods_HardwareTests.framework */,
				2AD4905D12FCF9CC263DD9BD /* Pods_HardwareUITests.framework */,
			);
			name = Frameworks;
			sourceTree = "<group>";
		};
		7D7592A11F8BD0E90043C543 = {
			isa = PBXGroup;
			children = (
				7D7592AC1F8BD0EA0043C543 /* Hardware */,
				7D7592C11F8BD0EA0043C543 /* HardwareTests */,
				7D7592CC1F8BD0EA0043C543 /* HardwareUITests */,
				7D7592AB1F8BD0EA0043C543 /* Products */,
				A287F030A34D1DD2B3B5FD08 /* Pods */,
				2BF19333D2FC04AA9960479C /* Frameworks */,
			);
			sourceTree = "<group>";
		};
		7D7592AB1F8BD0EA0043C543 /* Products */ = {
			isa = PBXGroup;
			children = (
				7D7592AA1F8BD0EA0043C543 /* Hardware.app */,
				7D7592BE1F8BD0EA0043C543 /* HardwareTests.xctest */,
				7D7592C91F8BD0EA0043C543 /* HardwareUITests.xctest */,
			);
			name = Products;
			sourceTree = "<group>";
		};
		7D7592AC1F8BD0EA0043C543 /* Hardware */ = {
			isa = PBXGroup;
			children = (
				7D7592AD1F8BD0EA0043C543 /* AppDelegate.swift */,
				7D7592AF1F8BD0EA0043C543 /* ViewController.swift */,
				7D7592B11F8BD0EA0043C543 /* Main.storyboard */,
				7D7592B41F8BD0EA0043C543 /* Assets.xcassets */,
				7D7592B61F8BD0EA0043C543 /* LaunchScreen.storyboard */,
				7D7592B91F8BD0EA0043C543 /* Info.plist */,
			);
			path = Hardware;
			sourceTree = "<group>";
		};
		7D7592C11F8BD0EA0043C543 /* HardwareTests */ = {
			isa = PBXGroup;
			children = (
				7D7592C21F8BD0EA0043C543 /* HardwareTests.swift */,
				7D7592C41F8BD0EA0043C543 /* Info.plist */,
			);
			path = HardwareTests;
			sourceTree = "<group>";
		};
		7D7592CC1F8BD0EA0043C543 /* HardwareUITests */ = {
			isa = PBXGroup;
			children = (
				7D7592CD1F8BD0EA0043C543 /* HardwareUITests.swift */,
				7D7592CF1F8BD0EA0043C543 /* Info.plist */,
			);
			path = HardwareUITests;
			sourceTree = "<group>";
		};
		A287F030A34D1DD2B3B5FD08 /* Pods */ = {
			isa = PBXGroup;
			children = (
				D6C194D94763F628970EFBCF /* Pods-Hardware.debug.xcconfig */,
				F7A5B081ADB38F255AB3285D /* Pods-Hardware.release.xcconfig */,
				5334E73B009AD429C2F29CFB /* Pods-HardwareTests.debug.xcconfig */,
				10D51338B7E93EF2715F23C5 /* Pods-HardwareTests.release.xcconfig */,
				75687FADA52D20D102FE0D43 /* Pods-HardwareUITests.debug.xcconfig */,
				16AD3D2E468F9BC4B7CD0D6E /* Pods-HardwareUITests.release.xcconfig */,
			);
			name = Pods;
			sourceTree = "<group>";
		};
/* End PBXGroup section */

/* Begin PBXNativeTarget section */
		7D7592A91F8BD0EA0043C543 /* Hardware */ = {
			isa = PBXNativeTarget;
			buildConfigurationList = 7D7592D21F8BD0EA0043C543 /* Build configuration list for PBXNativeTarget "Hardware" */;
			buildPhases = (
				7A1B58D6A7CB6A4F4858023B /* [CP] Check Pods Manifest.lock */,
				7D7592A61F8BD0EA0043C543 /* Sources */,
				7D7592A71F8BD0EA0043C543 /* Frameworks */,
				7D7592A81F8BD0EA0043C543 /* Resources */,
				7A6D1137879BC2CB822DE9E6 /* [CP] Embed Pods Frameworks */,
				0DA5BA610F62BE95C4446298 /* [CP] Copy Pods Resources */,
			);
			buildRules = (
			);
			dependencies = (
			);
			name = Hardware;
			productName = Hardware;
			productReference = 7D7592AA1F8BD0EA0043C543 /* Hardware.app */;
			productType = "com.apple.product-type.application";
		};
		7D7592BD1F8BD0EA0043C543 /* HardwareTests */ = {
			isa = PBXNativeTarget;
			buildConfigurationList = 7D7592D51F8BD0EA0043C543 /* Build configuration list for PBXNativeTarget "HardwareTests" */;
			buildPhases = (
				0F0F3668A62573F76036C3F2 /* [CP] Check Pods Manifest.lock */,
				7D7592BA1F8BD0EA0043C543 /* Sources */,
				7D7592BB1F8BD0EA0043C543 /* Frameworks */,
				7D7592BC1F8BD0EA0043C543 /* Resources */,
				D14F76DEE7FBDC45D928E16D /* [CP] Embed Pods Frameworks */,
				695F6A808EB0FE2054AE85CD /* [CP] Copy Pods Resources */,
			);
			buildRules = (
			);
			dependencies = (
				7D7592C01F8BD0EA0043C543 /* PBXTargetDependency */,
			);
			name = HardwareTests;
			productName = HardwareTests;
			productReference = 7D7592BE1F8BD0EA0043C543 /* HardwareTests.xctest */;
			productType = "com.apple.product-type.bundle.unit-test";
		};
		7D7592C81F8BD0EA0043C543 /* HardwareUITests */ = {
			isa = PBXNativeTarget;
			buildConfigurationList = 7D7592D81F8BD0EA0043C543 /* Build configuration list for PBXNativeTarget "HardwareUITests" */;
			buildPhases = (
				D5C53A35C0317D2D14BC2018 /* [CP] Check Pods Manifest.lock */,
				7D7592C51F8BD0EA0043C543 /* Sources */,
				7D7592C61F8BD0EA0043C543 /* Frameworks */,
				7D7592C71F8BD0EA0043C543 /* Resources */,
				214433FA22A6EA20AAE411C9 /* [CP] Embed Pods Frameworks */,
				A397CE107E8C96C9AF3F0258 /* [CP] Copy Pods Resources */,
			);
			buildRules = (
			);
			dependencies = (
				7D7592CB1F8BD0EA0043C543 /* PBXTargetDependency */,
			);
			name = HardwareUITests;
			productName = HardwareUITests;
			productReference = 7D7592C91F8BD0EA0043C543 /* HardwareUITests.xctest */;
			productType = "com.apple.product-type.bundle.ui-testing";
		};
/* End PBXNativeTarget section */

/* Begin PBXProject section */
		7D7592A21F8BD0E90043C543 /* Project object */ = {
			isa = PBXProject;
			attributes = {
				LastSwiftUpdateCheck = 0900;
				LastUpgradeCheck = 0900;
				ORGANIZATIONNAME = Hardware;
				TargetAttributes = {
					7D7592A91F8BD0EA0043C543 = {
						CreatedOnToolsVersion = 9.0;
						ProvisioningStyle = Automatic;
					};
					7D7592BD1F8BD0EA0043C543 = {
						CreatedOnToolsVersion = 9.0;
						ProvisioningStyle = Automatic;
						TestTargetID = 7D7592A91F8BD0EA0043C543;
					};
					7D7592C81F8BD0EA0043C543 = {
						CreatedOnToolsVersion = 9.0;
						ProvisioningStyle = Automatic;
						TestTargetID = 7D7592A91F8BD0EA0043C543;
					};
				};
			};
			buildConfigurationList = 7D7592A51F8BD0E90043C543 /* Build configuration list for PBXProject "Hardware" */;
			compatibilityVersion = "Xcode 8.0";
			developmentRegion = en;
			hasScannedForEncodings = 0;
			knownRegions = (
				en,
				Base,
			);
			mainGroup = 7D7592A11F8BD0E90043C543;
			productRefGroup = 7D7592AB1F8BD0EA0043C543 /* Products */;
			projectDirPath = "";
			projectRoot = "";
			targets = (
				7D7592A91F8BD0EA0043C543 /* Hardware */,
				7D7592BD1F8BD0EA0043C543 /* HardwareTests */,
				7D7592C81F8BD0EA0043C543 /* HardwareUITests */,
			);
		};
/* End PBXProject section */

/* Begin PBXResourcesBuildPhase section */
		7D7592A81F8BD0EA0043C543 /* Resources */ = {
			isa = PBXResourcesBuildPhase;
			buildActionMask = 2147483647;
			files = (
				7D7592B81F8BD0EA0043C543 /* LaunchScreen.storyboard in Resources */,
				7D7592B51F8BD0EA0043C543 /* Assets.xcassets in Resources */,
				7D7592B31F8BD0EA0043C543 /* Main.storyboard in Resources */,
			);
			runOnlyForDeploymentPostprocessing = 0;
		};
		7D7592BC1F8BD0EA0043C543 /* Resources */ = {
			isa = PBXResourcesBuildPhase;
			buildActionMask = 2147483647;
			files = (
			);
			runOnlyForDeploymentPostprocessing = 0;
		};
		7D7592C71F8BD0EA0043C543 /* Resources */ = {
			isa = PBXResourcesBuildPhase;
			buildActionMask = 2147483647;
			files = (
			);
			runOnlyForDeploymentPostprocessing = 0;
		};
/* End PBXResourcesBuildPhase section */

/* Begin PBXShellScriptBuildPhase section */
		0DA5BA610F62BE95C4446298 /* [CP] Copy Pods Resources */ = {
			isa = PBXShellScriptBuildPhase;
			buildActionMask = 2147483647;
			files = (
			);
			inputPaths = (
			);
			name = "[CP] Copy Pods Resources";
			outputPaths = (
			);
			runOnlyForDeploymentPostprocessing = 0;
			shellPath = /bin/sh;
			shellScript = "\"${SRCROOT}/Pods/Target Support Files/Pods-Hardware/Pods-Hardware-resources.sh\"\n";
			showEnvVarsInLog = 0;
		};
		0F0F3668A62573F76036C3F2 /* [CP] Check Pods Manifest.lock */ = {
			isa = PBXShellScriptBuildPhase;
			buildActionMask = 2147483647;
			files = (
			);
			inputPaths = (
				"${PODS_PODFILE_DIR_PATH}/Podfile.lock",
				"${PODS_ROOT}/Manifest.lock",
			);
			name = "[CP] Check Pods Manifest.lock";
			outputPaths = (
				"$(DERIVED_FILE_DIR)/Pods-HardwareTests-checkManifestLockResult.txt",
			);
			runOnlyForDeploymentPostprocessing = 0;
			shellPath = /bin/sh;
			shellScript = "diff \"${PODS_PODFILE_DIR_PATH}/Podfile.lock\" \"${PODS_ROOT}/Manifest.lock\" > /dev/null\nif [ $? != 0 ] ; then\n    # print error to STDERR\n    echo \"error: The sandbox is not in sync with the Podfile.lock. Run 'pod install' or update your CocoaPods installation.\" >&2\n    exit 1\nfi\n# This output is used by Xcode 'outputs' to avoid re-running this script phase.\necho \"SUCCESS\" > \"${SCRIPT_OUTPUT_FILE_0}\"\n";
			showEnvVarsInLog = 0;
		};
		214433FA22A6EA20AAE411C9 /* [CP] Embed Pods Frameworks */ = {
			isa = PBXShellScriptBuildPhase;
			buildActionMask = 2147483647;
			files = (
			);
			inputPaths = (
			);
			name = "[CP] Embed Pods Frameworks";
			outputPaths = (
			);
			runOnlyForDeploymentPostprocessing = 0;
			shellPath = /bin/sh;
			shellScript = "\"${SRCROOT}/Pods/Target Support Files/Pods-HardwareUITests/Pods-HardwareUITests-frameworks.sh\"\n";
			showEnvVarsInLog = 0;
		};
		695F6A808EB0FE2054AE85CD /* [CP] Copy Pods Resources */ = {
			isa = PBXShellScriptBuildPhase;
			buildActionMask = 2147483647;
			files = (
			);
			inputPaths = (
			);
			name = "[CP] Copy Pods Resources";
			outputPaths = (
			);
			runOnlyForDeploymentPostprocessing = 0;
			shellPath = /bin/sh;
			shellScript = "\"${SRCROOT}/Pods/Target Support Files/Pods-HardwareTests/Pods-HardwareTests-resources.sh\"\n";
			showEnvVarsInLog = 0;
		};
		7A1B58D6A7CB6A4F4858023B /* [CP] Check Pods Manifest.lock */ = {
			isa = PBXShellScriptBuildPhase;
			buildActionMask = 2147483647;
			files = (
			);
			inputPaths = (
				"${PODS_PODFILE_DIR_PATH}/Podfile.lock",
				"${PODS_ROOT}/Manifest.lock",
			);
			name = "[CP] Check Pods Manifest.lock";
			outputPaths = (
				"$(DERIVED_FILE_DIR)/Pods-Hardware-checkManifestLockResult.txt",
			);
			runOnlyForDeploymentPostprocessing = 0;
			shellPath = /bin/sh;
			shellScript = "diff \"${PODS_PODFILE_DIR_PATH}/Podfile.lock\" \"${PODS_ROOT}/Manifest.lock\" > /dev/null\nif [ $? != 0 ] ; then\n    # print error to STDERR\n    echo \"error: The sandbox is not in sync with the Podfile.lock. Run 'pod install' or update your CocoaPods installation.\" >&2\n    exit 1\nfi\n# This output is used by Xcode 'outputs' to avoid re-running this script phase.\necho \"SUCCESS\" > \"${SCRIPT_OUTPUT_FILE_0}\"\n";
			showEnvVarsInLog = 0;
		};
		7A6D1137879BC2CB822DE9E6 /* [CP] Embed Pods Frameworks */ = {
			isa = PBXShellScriptBuildPhase;
			buildActionMask = 2147483647;
			files = (
			);
			inputPaths = (
			);
			name = "[CP] Embed Pods Frameworks";
			outputPaths = (
			);
			runOnlyForDeploymentPostprocessing = 0;
			shellPath = /bin/sh;
			shellScript = "\"${SRCROOT}/Pods/Target Support Files/Pods-Hardware/Pods-Hardware-frameworks.sh\"\n";
			showEnvVarsInLog = 0;
		};
		A397CE107E8C96C9AF3F0258 /* [CP] Copy Pods Resources */ = {
			isa = PBXShellScriptBuildPhase;
			buildActionMask = 2147483647;
			files = (
			);
			inputPaths = (
			);
			name = "[CP] Copy Pods Resources";
			outputPaths = (
			);
			runOnlyForDeploymentPostprocessing = 0;
			shellPath = /bin/sh;
			shellScript = "\"${SRCROOT}/Pods/Target Support Files/Pods-HardwareUITests/Pods-HardwareUITests-resources.sh\"\n";
			showEnvVarsInLog = 0;
		};
		D14F76DEE7FBDC45D928E16D /* [CP] Embed Pods Frameworks */ = {
			isa = PBXShellScriptBuildPhase;
			buildActionMask = 2147483647;
			files = (
			);
			inputPaths = (
			);
			name = "[CP] Embed Pods Frameworks";
			outputPaths = (
			);
			runOnlyForDeploymentPostprocessing = 0;
			shellPath = /bin/sh;
			shellScript = "\"${SRCROOT}/Pods/Target Support Files/Pods-HardwareTests/Pods-HardwareTests-frameworks.sh\"\n";
			showEnvVarsInLog = 0;
		};
		D5C53A35C0317D2D14BC2018 /* [CP] Check Pods Manifest.lock */ = {
			isa = PBXShellScriptBuildPhase;
			buildActionMask = 2147483647;
			files = (
			);
			inputPaths = (
				"${PODS_PODFILE_DIR_PATH}/Podfile.lock",
				"${PODS_ROOT}/Manifest.lock",
			);
			name = "[CP] Check Pods Manifest.lock";
			outputPaths = (
				"$(DERIVED_FILE_DIR)/Pods-HardwareUITests-checkManifestLockResult.txt",
			);
			runOnlyForDeploymentPostprocessing = 0;
			shellPath = /bin/sh;
			shellScript = "diff \"${PODS_PODFILE_DIR_PATH}/Podfile.lock\" \"${PODS_ROOT}/Manifest.lock\" > /dev/null\nif [ $? != 0 ] ; then\n    # print error to STDERR\n    echo \"error: The sandbox is not in sync with the Podfile.lock. Run 'pod install' or update your CocoaPods installation.\" >&2\n    exit 1\nfi\n# This output is used by Xcode 'outputs' to avoid re-running this script phase.\necho \"SUCCESS\" > \"${SCRIPT_OUTPUT_FILE_0}\"\n";
			showEnvVarsInLog = 0;
		};
/* End PBXShellScriptBuildPhase section */

/* Begin PBXSourcesBuildPhase section */
		7D7592A61F8BD0EA0043C543 /* Sources */ = {
			isa = PBXSourcesBuildPhase;
			buildActionMask = 2147483647;
			files = (
				7D7592B01F8BD0EA0043C543 /* ViewController.swift in Sources */,
				7D7592AE1F8BD0EA0043C543 /* AppDelegate.swift in Sources */,
			);
			runOnlyForDeploymentPostprocessing = 0;
		};
		7D7592BA1F8BD0EA0043C543 /* Sources */ = {
			isa = PBXSourcesBuildPhase;
			buildActionMask = 2147483647;
			files = (
				7D7592C31F8BD0EA0043C543 /* HardwareTests.swift in Sources */,
			);
			runOnlyForDeploymentPostprocessing = 0;
		};
		7D7592C51F8BD0EA0043C543 /* Sources */ = {
			isa = PBXSourcesBuildPhase;
			buildActionMask = 2147483647;
			files = (
				7D7592CE1F8BD0EA0043C543 /* HardwareUITests.swift in Sources */,
			);
			runOnlyForDeploymentPostprocessing = 0;
		};
/* End PBXSourcesBuildPhase section */

/* Begin PBXTargetDependency section */
		7D7592C01F8BD0EA0043C543 /* PBXTargetDependency */ = {
			isa = PBXTargetDependency;
			target = 7D7592A91F8BD0EA0043C543 /* Hardware */;
			targetProxy = 7D7592BF1F8BD0EA0043C543 /* PBXContainerItemProxy */;
		};
		7D7592CB1F8BD0EA0043C543 /* PBXTargetDependency */ = {
			isa = PBXTargetDependency;
			target = 7D7592A91F8BD0EA0043C543 /* Hardware */;
			targetProxy = 7D7592CA1F8BD0EA0043C543 /* PBXContainerItemProxy */;
		};
/* End PBXTargetDependency section */

/* Begin PBXVariantGroup section */
		7D7592B11F8BD0EA0043C543 /* Main.storyboard */ = {
			isa = PBXVariantGroup;
			children = (
				7D7592B21F8BD0EA0043C543 /* Base */,
			);
			name = Main.storyboard;
			sourceTree = "<group>";
		};
		7D7592B61F8BD0EA0043C543 /* LaunchScreen.storyboard */ = {
			isa = PBXVariantGroup;
			children = (
				7D7592B71F8BD0EA0043C543 /* Base */,
			);
			name = LaunchScreen.storyboard;
			sourceTree = "<group>";
		};
/* End PBXVariantGroup section */

/* Begin XCBuildConfiguration section */
		7D7592D01F8BD0EA0043C543 /* Debug */ = {
			isa = XCBuildConfiguration;
			buildSettings = {
				ALWAYS_SEARCH_USER_PATHS = NO;
				CLANG_ANALYZER_NONNULL = YES;
				CLANG_ANALYZER_NUMBER_OBJECT_CONVERSION = YES_AGGRESSIVE;
				CLANG_CXX_LANGUAGE_STANDARD = "gnu++14";
				CLANG_CXX_LIBRARY = "libc++";
				CLANG_ENABLE_MODULES = YES;
				CLANG_ENABLE_OBJC_ARC = YES;
				CLANG_WARN_BLOCK_CAPTURE_AUTORELEASING = YES;
				CLANG_WARN_BOOL_CONVERSION = YES;
				CLANG_WARN_COMMA = YES;
				CLANG_WARN_CONSTANT_CONVERSION = YES;
				CLANG_WARN_DIRECT_OBJC_ISA_USAGE = YES_ERROR;
				CLANG_WARN_DOCUMENTATION_COMMENTS = YES;
				CLANG_WARN_EMPTY_BODY = YES;
				CLANG_WARN_ENUM_CONVERSION = YES;
				CLANG_WARN_INFINITE_RECURSION = YES;
				CLANG_WARN_INT_CONVERSION = YES;
				CLANG_WARN_NON_LITERAL_NULL_CONVERSION = YES;
				CLANG_WARN_OBJC_LITERAL_CONVERSION = YES;
				CLANG_WARN_OBJC_ROOT_CLASS = YES_ERROR;
				CLANG_WARN_RANGE_LOOP_ANALYSIS = YES;
				CLANG_WARN_STRICT_PROTOTYPES = YES;
				CLANG_WARN_SUSPICIOUS_MOVE = YES;
				CLANG_WARN_UNGUARDED_AVAILABILITY = YES_AGGRESSIVE;
				CLANG_WARN_UNREACHABLE_CODE = YES;
				CLANG_WARN__DUPLICATE_METHOD_MATCH = YES;
				CODE_SIGN_IDENTITY = "iPhone Developer";
				COPY_PHASE_STRIP = NO;
				DEBUG_INFORMATION_FORMAT = dwarf;
				ENABLE_STRICT_OBJC_MSGSEND = YES;
				ENABLE_TESTABILITY = YES;
				GCC_C_LANGUAGE_STANDARD = gnu11;
				GCC_DYNAMIC_NO_PIC = NO;
				GCC_NO_COMMON_BLOCKS = YES;
				GCC_OPTIMIZATION_LEVEL = 0;
				GCC_PREPROCESSOR_DEFINITIONS = (
					"DEBUG=1",
					"$(inherited)",
				);
				GCC_WARN_64_TO_32_BIT_CONVERSION = YES;
				GCC_WARN_ABOUT_RETURN_TYPE = YES_ERROR;
				GCC_WARN_UNDECLARED_SELECTOR = YES;
				GCC_WARN_UNINITIALIZED_AUTOS = YES_AGGRESSIVE;
				GCC_WARN_UNUSED_FUNCTION = YES;
				GCC_WARN_UNUSED_VARIABLE = YES;
				IPHONEOS_DEPLOYMENT_TARGET = 11.0;
				MTL_ENABLE_DEBUG_INFO = YES;
				ONLY_ACTIVE_ARCH = YES;
				SDKROOT = iphoneos;
				SWIFT_ACTIVE_COMPILATION_CONDITIONS = DEBUG;
				SWIFT_OPTIMIZATION_LEVEL = "-Onone";
			};
			name = Debug;
		};
		7D7592D11F8BD0EA0043C543 /* Release */ = {
			isa = XCBuildConfiguration;
			buildSettings = {
				ALWAYS_SEARCH_USER_PATHS = NO;
				CLANG_ANALYZER_NONNULL = YES;
				CLANG_ANALYZER_NUMBER_OBJECT_CONVERSION = YES_AGGRESSIVE;
				CLANG_CXX_LANGUAGE_STANDARD = "gnu++14";
				CLANG_CXX_LIBRARY = "libc++";
				CLANG_ENABLE_MODULES = YES;
				CLANG_ENABLE_OBJC_ARC = YES;
				CLANG_WARN_BLOCK_CAPTURE_AUTORELEASING = YES;
				CLANG_WARN_BOOL_CONVERSION = YES;
				CLANG_WARN_COMMA = YES;
				CLANG_WARN_CONSTANT_CONVERSION = YES;
				CLANG_WARN_DIRECT_OBJC_ISA_USAGE = YES_ERROR;
				CLANG_WARN_DOCUMENTATION_COMMENTS = YES;
				CLANG_WARN_EMPTY_BODY = YES;
				CLANG_WARN_ENUM_CONVERSION = YES;
				CLANG_WARN_INFINITE_RECURSION = YES;
				CLANG_WARN_INT_CONVERSION = YES;
				CLANG_WARN_NON_LITERAL_NULL_CONVERSION = YES;
				CLANG_WARN_OBJC_LITERAL_CONVERSION = YES;
				CLANG_WARN_OBJC_ROOT_CLASS = YES_ERROR;
				CLANG_WARN_RANGE_LOOP_ANALYSIS = YES;
				CLANG_WARN_STRICT_PROTOTYPES = YES;
				CLANG_WARN_SUSPICIOUS_MOVE = YES;
				CLANG_WARN_UNGUARDED_AVAILABILITY = YES_AGGRESSIVE;
				CLANG_WARN_UNREACHABLE_CODE = YES;
				CLANG_WARN__DUPLICATE_METHOD_MATCH = YES;
				CODE_SIGN_IDENTITY = "iPhone Developer";
				COPY_PHASE_STRIP = NO;
				DEBUG_INFORMATION_FORMAT = "dwarf-with-dsym";
				ENABLE_NS_ASSERTIONS = NO;
				ENABLE_STRICT_OBJC_MSGSEND = YES;
				GCC_C_LANGUAGE_STANDARD = gnu11;
				GCC_NO_COMMON_BLOCKS = YES;
				GCC_WARN_64_TO_32_BIT_CONVERSION = YES;
				GCC_WARN_ABOUT_RETURN_TYPE = YES_ERROR;
				GCC_WARN_UNDECLARED_SELECTOR = YES;
				GCC_WARN_UNINITIALIZED_AUTOS = YES_AGGRESSIVE;
				GCC_WARN_UNUSED_FUNCTION = YES;
				GCC_WARN_UNUSED_VARIABLE = YES;
				IPHONEOS_DEPLOYMENT_TARGET = 11.0;
				MTL_ENABLE_DEBUG_INFO = NO;
				SDKROOT = iphoneos;
				SWIFT_OPTIMIZATION_LEVEL = "-Owholemodule";
				VALIDATE_PRODUCT = YES;
			};
			name = Release;
		};
		7D7592D31F8BD0EA0043C543 /* Debug */ = {
			isa = XCBuildConfiguration;
			baseConfigurationReference = D6C194D94763F628970EFBCF /* Pods-Hardware.debug.xcconfig */;
			buildSettings = {
				ASSETCATALOG_COMPILER_APPICON_NAME = AppIcon;
				CODE_SIGN_STYLE = Automatic;
				INFOPLIST_FILE = Hardware/Info.plist;
				LD_RUNPATH_SEARCH_PATHS = "$(inherited) @executable_path/Frameworks";
				PRODUCT_BUNDLE_IDENTIFIER = com.recurr.io.Hardware;
				PRODUCT_NAME = "$(TARGET_NAME)";
				SWIFT_VERSION = 4.0;
				TARGETED_DEVICE_FAMILY = "1,2";
			};
			name = Debug;
		};
		7D7592D41F8BD0EA0043C543 /* Release */ = {
			isa = XCBuildConfiguration;
			baseConfigurationReference = F7A5B081ADB38F255AB3285D /* Pods-Hardware.release.xcconfig */;
			buildSettings = {
				ASSETCATALOG_COMPILER_APPICON_NAME = AppIcon;
				CODE_SIGN_STYLE = Automatic;
				INFOPLIST_FILE = Hardware/Info.plist;
				LD_RUNPATH_SEARCH_PATHS = "$(inherited) @executable_path/Frameworks";
				PRODUCT_BUNDLE_IDENTIFIER = com.recurr.io.Hardware;
				PRODUCT_NAME = "$(TARGET_NAME)";
				SWIFT_VERSION = 4.0;
				TARGETED_DEVICE_FAMILY = "1,2";
			};
			name = Release;
		};
		7D7592D61F8BD0EA0043C543 /* Debug */ = {
			isa = XCBuildConfiguration;
			baseConfigurationReference = 5334E73B009AD429C2F29CFB /* Pods-HardwareTests.debug.xcconfig */;
			buildSettings = {
				ALWAYS_EMBED_SWIFT_STANDARD_LIBRARIES = YES;
				BUNDLE_LOADER = "$(TEST_HOST)";
				CODE_SIGN_STYLE = Automatic;
				INFOPLIST_FILE = HardwareTests/Info.plist;
				LD_RUNPATH_SEARCH_PATHS = "$(inherited) @executable_path/Frameworks @loader_path/Frameworks";
				PRODUCT_BUNDLE_IDENTIFIER = com.recurr.io.HardwareTests;
				PRODUCT_NAME = "$(TARGET_NAME)";
				SWIFT_VERSION = 4.0;
				TARGETED_DEVICE_FAMILY = "1,2";
				TEST_HOST = "$(BUILT_PRODUCTS_DIR)/Hardware.app/Hardware";
			};
			name = Debug;
		};
		7D7592D71F8BD0EA0043C543 /* Release */ = {
			isa = XCBuildConfiguration;
			baseConfigurationReference = 10D51338B7E93EF2715F23C5 /* Pods-HardwareTests.release.xcconfig */;
			buildSettings = {
				ALWAYS_EMBED_SWIFT_STANDARD_LIBRARIES = YES;
				BUNDLE_LOADER = "$(TEST_HOST)";
				CODE_SIGN_STYLE = Automatic;
				INFOPLIST_FILE = HardwareTests/Info.plist;
				LD_RUNPATH_SEARCH_PATHS = "$(inherited) @executable_path/Frameworks @loader_path/Frameworks";
				PRODUCT_BUNDLE_IDENTIFIER = com.recurr.io.HardwareTests;
				PRODUCT_NAME = "$(TARGET_NAME)";
				SWIFT_VERSION = 4.0;
				TARGETED_DEVICE_FAMILY = "1,2";
				TEST_HOST = "$(BUILT_PRODUCTS_DIR)/Hardware.app/Hardware";
			};
			name = Release;
		};
		7D7592D91F8BD0EA0043C543 /* Debug */ = {
			isa = XCBuildConfiguration;
			baseConfigurationReference = 75687FADA52D20D102FE0D43 /* Pods-HardwareUITests.debug.xcconfig */;
			buildSettings = {
				ALWAYS_EMBED_SWIFT_STANDARD_LIBRARIES = YES;
				CODE_SIGN_STYLE = Automatic;
				INFOPLIST_FILE = HardwareUITests/Info.plist;
				LD_RUNPATH_SEARCH_PATHS = "$(inherited) @executable_path/Frameworks @loader_path/Frameworks";
				PRODUCT_BUNDLE_IDENTIFIER = com.recurr.io.HardwareUITests;
				PRODUCT_NAME = "$(TARGET_NAME)";
				SWIFT_VERSION = 4.0;
				TARGETED_DEVICE_FAMILY = "1,2";
				TEST_TARGET_NAME = Hardware;
			};
			name = Debug;
		};
		7D7592DA1F8BD0EA0043C543 /* Release */ = {
			isa = XCBuildConfiguration;
			baseConfigurationReference = 16AD3D2E468F9BC4B7CD0D6E /* Pods-HardwareUITests.release.xcconfig */;
			buildSettings = {
				ALWAYS_EMBED_SWIFT_STANDARD_LIBRARIES = YES;
				CODE_SIGN_STYLE = Automatic;
				INFOPLIST_FILE = HardwareUITests/Info.plist;
				LD_RUNPATH_SEARCH_PATHS = "$(inherited) @executable_path/Frameworks @loader_path/Frameworks";
				PRODUCT_BUNDLE_IDENTIFIER = com.recurr.io.HardwareUITests;
				PRODUCT_NAME = "$(TARGET_NAME)";
				SWIFT_VERSION = 4.0;
				TARGETED_DEVICE_FAMILY = "1,2";
				TEST_TARGET_NAME = Hardware;
			};
			name = Release;
		};
/* End XCBuildConfiguration section */

/* Begin XCConfigurationList section */
		7D7592A51F8BD0E90043C543 /* Build configuration list for PBXProject "Hardware" */ = {
			isa = XCConfigurationList;
			buildConfigurations = (
				7D7592D01F8BD0EA0043C543 /* Debug */,
				7D7592D11F8BD0EA0043C543 /* Release */,
			);
			defaultConfigurationIsVisible = 0;
			defaultConfigurationName = Release;
		};
		7D7592D21F8BD0EA0043C543 /* Build configuration list for PBXNativeTarget "Hardware" */ = {
			isa = XCConfigurationList;
			buildConfigurations = (
				7D7592D31F8BD0EA0043C543 /* Debug */,
				7D7592D41F8BD0EA0043C543 /* Release */,
			);
			defaultConfigurationIsVisible = 0;
			defaultConfigurationName = Release;
		};
		7D7592D51F8BD0EA0043C543 /* Build configuration list for PBXNativeTarget "HardwareTests" */ = {
			isa = XCConfigurationList;
			buildConfigurations = (
				7D7592D61F8BD0EA0043C543 /* Debug */,
				7D7592D71F8BD0EA0043C543 /* Release */,
			);
			defaultConfigurationIsVisible = 0;
			defaultConfigurationName = Release;
		};
		7D7592D81F8BD0EA0043C543 /* Build configuration list for PBXNativeTarget "HardwareUITests" */ = {
			isa = XCConfigurationList;
			buildConfigurations = (
				7D7592D91F8BD0EA0043C543 /* Debug */,
				7D7592DA1F8BD0EA0043C543 /* Release */,
			);
			defaultConfigurationIsVisible = 0;
			defaultConfigurationName = Release;
		};
/* End XCConfigurationList section */
	};
	rootObject = 7D7592A21F8BD0E90043C543 /* Project object */;
}
